
Microsoft Visual Studio Solution File, Format Version 12.00
# Visual Studio 15
VisualStudioVersion = 15.0.27004.2005
MinimumVisualStudioVersion = 10.0.40219.1
Project("{FAE04EC0-301F-11D3-BF4B-00C04F79EFBC}") = "MyoLib", "MyoLib\MyoLib.csproj", "{D8321291-8E39-4873-BBD6-2FB88573E355}"
EndProject
Project("{FAE04EC0-301F-11D3-BF4B-00C04F79EFBC}") = "MyoSharp", "MyoSharp\MyoSharp.csproj", "{B075C7E9-FE48-4508-B44C-1A259BCC8B22}"
EndProject
Project("{2150E333-8FDC-42A3-9474-1A3956D46DE8}") = "Tests", "Tests", "{633688D4-E44B-46DC-BC2B-8BD29760F400}"
EndProject
Project("{FAE04EC0-301F-11D3-BF4B-00C04F79EFBC}") = "TestConsole", "TestConsole\TestConsole.csproj", "{C4B05820-F074-4052-8435-2CDB477A7C8A}"
EndProject
Global
	GlobalSection(SolutionConfigurationPlatforms) = preSolution
		Debug|Any CPU = Debug|Any CPU
		Release|Any CPU = Release|Any CPU
	EndGlobalSection
	GlobalSection(ProjectConfigurationPlatforms) = postSolution
		{D8321291-8E39-4873-BBD6-2FB88573E355}.Debug|Any CPU.ActiveCfg = Debug|Any CPU
		{D8321291-8E39-4873-BBD6-2FB88573E355}.Debug|Any CPU.Build.0 = Debug|Any CPU
		{D8321291-8E39-4873-BBD6-2FB88573E355}.Release|Any CPU.ActiveCfg = Release|Any CPU
		{D8321291-8E39-4873-BBD6-2FB88573E355}.Release|Any CPU.Build.0 = Release|Any CPU
		{B075C7E9-FE48-4508-B44C-1A259BCC8B22}.Debug|Any CPU.ActiveCfg = Debug|Any CPU
		{B075C7E9-FE48-4508-B44C-1A259BCC8B22}.Debug|Any CPU.Build.0 = Debug|Any CPU
		{B075C7E9-FE48-4508-B44C-1A259BCC8B22}.Release|Any CPU.ActiveCfg = Release|Any CPU
		{B075C7E9-FE48-4508-B44C-1A259BCC8B22}.Release|Any CPU.Build.0 = Release|Any CPU
		{C4B05820-F074-4052-8435-2CDB477A7C8A}.Debug|Any CPU.ActiveCfg = Debug|Any CPU
		{C4B05820-F074-4052-8435-2CDB477A7C8A}.Debug|Any CPU.Build.0 = Debug|Any CPU
		{C4B05820-F074-4052-8435-2CDB477A7C8A}.Release|Any CPU.ActiveCfg = Release|Any CPU
		{C4B05820-F074-4052-8435-2CDB477A7C8A}.Release|Any CPU.Build.0 = Release|Any CPU
	EndGlobalSection
	GlobalSection(SolutionProperties) = preSolution
		HideSolutionNode = FALSE
	EndGlobalSection
	GlobalSection(NestedProjects) = preSolution
		{C4B05820-F074-4052-8435-2CDB477A7C8A} = {633688D4-E44B-46DC-BC2B-8BD29760F400}
	EndGlobalSection
	GlobalSection(ExtensibilityGlobals) = postSolution
		SolutionGuid = {A126FD13-0A9E-4E6B-AEE6-360085953D6E}
	EndGlobalSection
EndGlobal
